
Microsoft Visual Studio Solution File, Format Version 12.00
# Visual Studio Version 17
VisualStudioVersion = 17.4.32804.182
MinimumVisualStudioVersion = 10.0.40219.1
Project("{9A19103F-16F7-4668-BE54-9A1E7A4F7556}") = "LSlicer", "LSlicer\LSlicer.csproj", "{AE8FF690-65C8-44E5-BE57-D8882608CA7B}"
EndProject
Project("{9A19103F-16F7-4668-BE54-9A1E7A4F7556}") = "LSlicer.Data", "LSlicer.Data\LSlicer.Data.csproj", "{A7068D92-8CD1-4DBB-89F1-DE6DE96B3B1C}"
EndProject
Project("{9A19103F-16F7-4668-BE54-9A1E7A4F7556}") = "LSlicer.BL", "LSlicer.BL\LSlicer.BL.csproj", "{7EECB833-FC05-4FC2-ACCA-5167B1C7B2E6}"
EndProject
Project("{2150E333-8FDC-42A3-9474-1A3956D46DE8}") = "Utils", "Utils", "{E6F09583-DF93-4ABE-BE5B-DDCE57EE6AB2}"
EndProject
Project("{2150E333-8FDC-42A3-9474-1A3956D46DE8}") = "Libs", "Libs", "{7D88141C-8041-4C72-9E54-EC2153726CB4}"
EndProject
Project("{2150E333-8FDC-42A3-9474-1A3956D46DE8}") = "Application", "Application", "{FDA85517-CA31-4346-A337-0C4332579F64}"
EndProject
Project("{2150E333-8FDC-42A3-9474-1A3956D46DE8}") = "Domain", "Domain", "{8C1F4D4A-6735-4B0D-95ED-C63D9C56CED6}"
EndProject
Project("{2150E333-8FDC-42A3-9474-1A3956D46DE8}") = "Data", "Data", "{109856EE-1E84-4C8C-88C2-E558FD825EC1}"
EndProject
Project("{9A19103F-16F7-4668-BE54-9A1E7A4F7556}") = "MenuModule", "MenuModule\MenuModule.csproj", "{27B52691-6632-4050-987F-84BE606354AF}"
EndProject
Project("{9A19103F-16F7-4668-BE54-9A1E7A4F7556}") = "LSlicer.Infrastructure", "LSlicer.Infrastructure\LSlicer.Infrastructure.csproj", "{4059FA7E-97C4-4410-A9A2-6057118BA091}"
EndProject
Project("{9A19103F-16F7-4668-BE54-9A1E7A4F7556}") = "SlicingManager", "SlicingManager\SlicingManager.csproj", "{CB51D897-81FE-4EDD-BF36-EA37C8D83D87}"
EndProject
Project("{9A19103F-16F7-4668-BE54-9A1E7A4F7556}") = "LSlicer.BL.Interaction", "LSlicer.BL.Interaction\LSlicer.BL.Interaction.csproj", "{5621A559-C2D0-460F-8899-995164E101E4}"
EndProject
Project("{9A19103F-16F7-4668-BE54-9A1E7A4F7556}") = "LSlicer.Data.Interaction", "LSlicing.Data.Interaction\LSlicer.Data.Interaction.csproj", "{3A2CF20F-DBF5-40F9-9AFD-684FFD032AD0}"
EndProject
Project("{9A19103F-16F7-4668-BE54-9A1E7A4F7556}") = "LSlicer.Helpers", "LSlicer.Helpers\LSlicer.Helpers.csproj", "{B5FCA39C-8754-4EBA-A537-905D03E6B872}"
EndProject
Project("{FAE04EC0-301F-11D3-BF4B-00C04F79EFBC}") = "TestEngineStub", "TestEngineStub\TestEngineStub.csproj", "{E188910E-7794-43D6-AB7A-AFB7E5E7D105}"
EndProject
Project("{2150E333-8FDC-42A3-9474-1A3956D46DE8}") = "Tests", "Tests", "{B7B21821-1D2C-4466-ABEE-C4987A63848F}"
	ProjectSection(SolutionItems) = preProject
		TestResults\EngineStubTest.log.txt = TestResults\EngineStubTest.log.txt
		StubTestExample.bat = StubTestExample.bat
	EndProjectSection
EndProject
Project("{FAE04EC0-301F-11D3-BF4B-00C04F79EFBC}") = "SlicingParametersTests", "SlicingParametersTests\SlicingParametersTests.csproj", "{006466B3-6848-42AD-9657-832BDD448E4E}"
EndProject
Project("{9A19103F-16F7-4668-BE54-9A1E7A4F7556}") = "JsonWrapper", "JsonWrapper\JsonWrapper.csproj", "{C5F9830F-A2E2-4152-89AF-E42415CACF8A}"
EndProject
Project("{9A19103F-16F7-4668-BE54-9A1E7A4F7556}") = "ParametersModule", "SlicingParametersModule\ParametersModule.csproj", "{9B1AA5A2-055C-49D0-9C92-2F97513A7158}"
EndProject
Project("{9A19103F-16F7-4668-BE54-9A1E7A4F7556}") = "SupportManager", "SupportManager\SupportManager.csproj", "{995AD4F8-64A8-4F5D-BA8F-A58D76C83092}"
EndProject
Project("{2150E333-8FDC-42A3-9474-1A3956D46DE8}") = "Engines", "Engines", "{9B462E18-F8D6-4C93-985B-8FAFC3A7C1E9}"
EndProject
Project("{9A19103F-16F7-4668-BE54-9A1E7A4F7556}") = "SupportEngine", "SupportEngine\SupportEngine.csproj", "{7933CB20-FFC6-4E80-A6E4-D7C4102FE8B0}"
EndProject
Project("{9A19103F-16F7-4668-BE54-9A1E7A4F7556}") = "geometry3Sharp", "geometry3Sharp\geometry3Sharp.csproj", "{0C518DDA-28FE-44CA-9AB0-F9773974F13A}"
EndProject
Project("{9A19103F-16F7-4668-BE54-9A1E7A4F7556}") = "gsSlicerPro", "gsSlicerPro\gsSlicerPro.csproj", "{EDD4E175-E76B-4590-AF2F-52BACA7DD071}"
EndProject
Project("{9A19103F-16F7-4668-BE54-9A1E7A4F7556}") = "clipper_lirary", "clipper_library\clipper_lirary\clipper_lirary.csproj", "{23668934-FCB7-42A7-A7FA-AE55AED42626}"
EndProject
Project("{9A19103F-16F7-4668-BE54-9A1E7A4F7556}") = "gsGeometry", "gsGeometry\gsGeometry.csproj", "{C5B9D744-2FC5-4810-BD85-78FB73FB1E8D}"
EndProject
Project("{9A19103F-16F7-4668-BE54-9A1E7A4F7556}") = "gsSlicer", "gsSlicer\gsSlicer.csproj", "{6C2E415E-37D9-4C5A-8FD5-60B0133872CF}"
EndProject
Project("{9A19103F-16F7-4668-BE54-9A1E7A4F7556}") = "gsGCode", "gsGCode\gsGCode.csproj", "{25DE77C9-14A4-4562-9A24-0BF1E612D9A9}"
EndProject
Project("{9A19103F-16F7-4668-BE54-9A1E7A4F7556}") = "SlicingLibrary", "LSlicingLibrary\SlicingLibrary.csproj", "{30C52233-26A8-406A-85C6-7D3FC8A5BB34}"
EndProject
Project("{9A19103F-16F7-4668-BE54-9A1E7A4F7556}") = "SupportLibrary", "LSupportLibrary\SupportLibrary.csproj", "{C608015C-F5B9-4284-9BD1-880951DB32CD}"
EndProject
Project("{2150E333-8FDC-42A3-9474-1A3956D46DE8}") = "Installer", "Installer", "{706A9542-BE69-41F7-8E22-5B73BE644BB4}"
EndProject
Project("{FAE04EC0-301F-11D3-BF4B-00C04F79EFBC}") = "SlicerInstaller", "SlicerInstaller\SlicerInstaller.csproj", "{44555887-C439-470C-944D-8866EC3D7067}"
EndProject
Project("{9A19103F-16F7-4668-BE54-9A1E7A4F7556}") = "UtilModule", "UtilModule\UtilModule.csproj", "{382E7CE1-4136-4B7F-9FB6-EF9D3F00DD28}"
EndProject
Project("{9A19103F-16F7-4668-BE54-9A1E7A4F7556}") = "EngineHelpers", "EngineHelpers\EngineHelpers.csproj", "{3016949A-067B-467B-9440-16B514CD2338}"
EndProject
Project("{9A19103F-16F7-4668-BE54-9A1E7A4F7556}") = "GradientSpaceSliceEngine", "GradientSpaceSliceEngine\GradientSpaceSliceEngine.csproj", "{E3646578-6E11-45BF-822E-3C517B2FD558}"
EndProject
Project("{2150E333-8FDC-42A3-9474-1A3956D46DE8}") = "Plugins", "Plugins", "{3EED8C86-8424-473B-A0A2-1F0ADDCFC1DE}"
EndProject
Project("{9A19103F-16F7-4668-BE54-9A1E7A4F7556}") = "PluginFramework", "PluginFramework\PluginFramework.csproj", "{3D30A598-E1AA-464D-B7B4-B3460CDBA2FF}"
EndProject
Project("{9A19103F-16F7-4668-BE54-9A1E7A4F7556}") = "PluginManagementModule", "PluginManagementModule\PluginManagementModule.csproj", "{83E59DCA-ECAB-4F07-B89B-D86D09B137C8}"
EndProject
Project("{FAE04EC0-301F-11D3-BF4B-00C04F79EFBC}") = "ZipPartsPlugin", "ZipPartsPlugin\ZipPartsPlugin.csproj", "{C8E38CBD-DC42-41B4-94F9-69578FCF230B}"
EndProject
Global
	GlobalSection(SolutionConfigurationPlatforms) = preSolution
		Debug|Any CPU = Debug|Any CPU
		Debug|x64 = Debug|x64
		Release|Any CPU = Release|Any CPU
		Release|x64 = Release|x64
	EndGlobalSection
	GlobalSection(ProjectConfigurationPlatforms) = postSolution
		{AE8FF690-65C8-44E5-BE57-D8882608CA7B}.Debug|Any CPU.ActiveCfg = Debug|Any CPU
		{AE8FF690-65C8-44E5-BE57-D8882608CA7B}.Debug|Any CPU.Build.0 = Debug|Any CPU
		{AE8FF690-65C8-44E5-BE57-D8882608CA7B}.Debug|x64.ActiveCfg = Debug|Any CPU
		{AE8FF690-65C8-44E5-BE57-D8882608CA7B}.Debug|x64.Build.0 = Debug|Any CPU
		{AE8FF690-65C8-44E5-BE57-D8882608CA7B}.Release|Any CPU.ActiveCfg = Release|Any CPU
		{AE8FF690-65C8-44E5-BE57-D8882608CA7B}.Release|Any CPU.Build.0 = Release|Any CPU
		{AE8FF690-65C8-44E5-BE57-D8882608CA7B}.Release|x64.ActiveCfg = Release|x64
		{AE8FF690-65C8-44E5-BE57-D8882608CA7B}.Release|x64.Build.0 = Release|x64
		{A7068D92-8CD1-4DBB-89F1-DE6DE96B3B1C}.Debug|Any CPU.ActiveCfg = Debug|Any CPU
		{A7068D92-8CD1-4DBB-89F1-DE6DE96B3B1C}.Debug|Any CPU.Build.0 = Debug|Any CPU
		{A7068D92-8CD1-4DBB-89F1-DE6DE96B3B1C}.Debug|x64.ActiveCfg = Debug|Any CPU
		{A7068D92-8CD1-4DBB-89F1-DE6DE96B3B1C}.Debug|x64.Build.0 = Debug|Any CPU
		{A7068D92-8CD1-4DBB-89F1-DE6DE96B3B1C}.Release|Any CPU.ActiveCfg = Release|Any CPU
		{A7068D92-8CD1-4DBB-89F1-DE6DE96B3B1C}.Release|Any CPU.Build.0 = Release|Any CPU
		{A7068D92-8CD1-4DBB-89F1-DE6DE96B3B1C}.Release|x64.ActiveCfg = Release|x64
		{A7068D92-8CD1-4DBB-89F1-DE6DE96B3B1C}.Release|x64.Build.0 = Release|x64
		{7EECB833-FC05-4FC2-ACCA-5167B1C7B2E6}.Debug|Any CPU.ActiveCfg = Debug|Any CPU
		{7EECB833-FC05-4FC2-ACCA-5167B1C7B2E6}.Debug|Any CPU.Build.0 = Debug|Any CPU
		{7EECB833-FC05-4FC2-ACCA-5167B1C7B2E6}.Debug|x64.ActiveCfg = Debug|Any CPU
		{7EECB833-FC05-4FC2-ACCA-5167B1C7B2E6}.Debug|x64.Build.0 = Debug|Any CPU
		{7EECB833-FC05-4FC2-ACCA-5167B1C7B2E6}.Release|Any CPU.ActiveCfg = Release|Any CPU
		{7EECB833-FC05-4FC2-ACCA-5167B1C7B2E6}.Release|Any CPU.Build.0 = Release|Any CPU
		{7EECB833-FC05-4FC2-ACCA-5167B1C7B2E6}.Release|x64.ActiveCfg = Release|x64
		{7EECB833-FC05-4FC2-ACCA-5167B1C7B2E6}.Release|x64.Build.0 = Release|x64
		{27B52691-6632-4050-987F-84BE606354AF}.Debug|Any CPU.ActiveCfg = Debug|Any CPU
		{27B52691-6632-4050-987F-84BE606354AF}.Debug|Any CPU.Build.0 = Debug|Any CPU
		{27B52691-6632-4050-987F-84BE606354AF}.Debug|x64.ActiveCfg = Debug|Any CPU
		{27B52691-6632-4050-987F-84BE606354AF}.Debug|x64.Build.0 = Debug|Any CPU
		{27B52691-6632-4050-987F-84BE606354AF}.Release|Any CPU.ActiveCfg = Release|Any CPU
		{27B52691-6632-4050-987F-84BE606354AF}.Release|Any CPU.Build.0 = Release|Any CPU
		{27B52691-6632-4050-987F-84BE606354AF}.Release|x64.ActiveCfg = Release|x64
		{27B52691-6632-4050-987F-84BE606354AF}.Release|x64.Build.0 = Release|x64
		{4059FA7E-97C4-4410-A9A2-6057118BA091}.Debug|Any CPU.ActiveCfg = Debug|Any CPU
		{4059FA7E-97C4-4410-A9A2-6057118BA091}.Debug|Any CPU.Build.0 = Debug|Any CPU
		{4059FA7E-97C4-4410-A9A2-6057118BA091}.Debug|x64.ActiveCfg = Debug|Any CPU
		{4059FA7E-97C4-4410-A9A2-6057118BA091}.Debug|x64.Build.0 = Debug|Any CPU
		{4059FA7E-97C4-4410-A9A2-6057118BA091}.Release|Any CPU.ActiveCfg = Release|Any CPU
		{4059FA7E-97C4-4410-A9A2-6057118BA091}.Release|Any CPU.Build.0 = Release|Any CPU
		{4059FA7E-97C4-4410-A9A2-6057118BA091}.Release|x64.ActiveCfg = Release|x64
		{4059FA7E-97C4-4410-A9A2-6057118BA091}.Release|x64.Build.0 = Release|x64
		{CB51D897-81FE-4EDD-BF36-EA37C8D83D87}.Debug|Any CPU.ActiveCfg = Debug|Any CPU
		{CB51D897-81FE-4EDD-BF36-EA37C8D83D87}.Debug|Any CPU.Build.0 = Debug|Any CPU
		{CB51D897-81FE-4EDD-BF36-EA37C8D83D87}.Debug|x64.ActiveCfg = Debug|Any CPU
		{CB51D897-81FE-4EDD-BF36-EA37C8D83D87}.Debug|x64.Build.0 = Debug|Any CPU
		{CB51D897-81FE-4EDD-BF36-EA37C8D83D87}.Release|Any CPU.ActiveCfg = Release|Any CPU
		{CB51D897-81FE-4EDD-BF36-EA37C8D83D87}.Release|Any CPU.Build.0 = Release|Any CPU
		{CB51D897-81FE-4EDD-BF36-EA37C8D83D87}.Release|x64.ActiveCfg = Release|x64
		{CB51D897-81FE-4EDD-BF36-EA37C8D83D87}.Release|x64.Build.0 = Release|x64
		{5621A559-C2D0-460F-8899-995164E101E4}.Debug|Any CPU.ActiveCfg = Debug|Any CPU
		{5621A559-C2D0-460F-8899-995164E101E4}.Debug|Any CPU.Build.0 = Debug|Any CPU
		{5621A559-C2D0-460F-8899-995164E101E4}.Debug|x64.ActiveCfg = Debug|Any CPU
		{5621A559-C2D0-460F-8899-995164E101E4}.Debug|x64.Build.0 = Debug|Any CPU
		{5621A559-C2D0-460F-8899-995164E101E4}.Release|Any CPU.ActiveCfg = Release|Any CPU
		{5621A559-C2D0-460F-8899-995164E101E4}.Release|Any CPU.Build.0 = Release|Any CPU
		{5621A559-C2D0-460F-8899-995164E101E4}.Release|x64.ActiveCfg = Release|x64
		{5621A559-C2D0-460F-8899-995164E101E4}.Release|x64.Build.0 = Release|x64
		{3A2CF20F-DBF5-40F9-9AFD-684FFD032AD0}.Debug|Any CPU.ActiveCfg = Debug|Any CPU
		{3A2CF20F-DBF5-40F9-9AFD-684FFD032AD0}.Debug|Any CPU.Build.0 = Debug|Any CPU
		{3A2CF20F-DBF5-40F9-9AFD-684FFD032AD0}.Debug|x64.ActiveCfg = Debug|Any CPU
		{3A2CF20F-DBF5-40F9-9AFD-684FFD032AD0}.Debug|x64.Build.0 = Debug|Any CPU
		{3A2CF20F-DBF5-40F9-9AFD-684FFD032AD0}.Release|Any CPU.ActiveCfg = Release|Any CPU
		{3A2CF20F-DBF5-40F9-9AFD-684FFD032AD0}.Release|Any CPU.Build.0 = Release|Any CPU
		{3A2CF20F-DBF5-40F9-9AFD-684FFD032AD0}.Release|x64.ActiveCfg = Release|x64
		{3A2CF20F-DBF5-40F9-9AFD-684FFD032AD0}.Release|x64.Build.0 = Release|x64
		{B5FCA39C-8754-4EBA-A537-905D03E6B872}.Debug|Any CPU.ActiveCfg = Debug|Any CPU
		{B5FCA39C-8754-4EBA-A537-905D03E6B872}.Debug|Any CPU.Build.0 = Debug|Any CPU
		{B5FCA39C-8754-4EBA-A537-905D03E6B872}.Debug|x64.ActiveCfg = Debug|Any CPU
		{B5FCA39C-8754-4EBA-A537-905D03E6B872}.Debug|x64.Build.0 = Debug|Any CPU
		{B5FCA39C-8754-4EBA-A537-905D03E6B872}.Release|Any CPU.ActiveCfg = Release|Any CPU
		{B5FCA39C-8754-4EBA-A537-905D03E6B872}.Release|Any CPU.Build.0 = Release|Any CPU
		{B5FCA39C-8754-4EBA-A537-905D03E6B872}.Release|x64.ActiveCfg = Release|x64
		{B5FCA39C-8754-4EBA-A537-905D03E6B872}.Release|x64.Build.0 = Release|x64
		{E188910E-7794-43D6-AB7A-AFB7E5E7D105}.Debug|Any CPU.ActiveCfg = Debug|x64
		{E188910E-7794-43D6-AB7A-AFB7E5E7D105}.Debug|x64.ActiveCfg = Debug|x64
		{E188910E-7794-43D6-AB7A-AFB7E5E7D105}.Debug|x64.Build.0 = Debug|x64
		{E188910E-7794-43D6-AB7A-AFB7E5E7D105}.Release|Any CPU.ActiveCfg = Release|x64
		{E188910E-7794-43D6-AB7A-AFB7E5E7D105}.Release|x64.ActiveCfg = Release|x64
		{E188910E-7794-43D6-AB7A-AFB7E5E7D105}.Release|x64.Build.0 = Release|x64
		{006466B3-6848-42AD-9657-832BDD448E4E}.Debug|Any CPU.ActiveCfg = Debug|Any CPU
		{006466B3-6848-42AD-9657-832BDD448E4E}.Debug|Any CPU.Build.0 = Debug|Any CPU
		{006466B3-6848-42AD-9657-832BDD448E4E}.Debug|x64.ActiveCfg = Debug|x64
		{006466B3-6848-42AD-9657-832BDD448E4E}.Debug|x64.Build.0 = Debug|x64
		{006466B3-6848-42AD-9657-832BDD448E4E}.Release|Any CPU.ActiveCfg = Release|Any CPU
		{006466B3-6848-42AD-9657-832BDD448E4E}.Release|Any CPU.Build.0 = Release|Any CPU
		{006466B3-6848-42AD-9657-832BDD448E4E}.Release|x64.ActiveCfg = Release|x64
		{006466B3-6848-42AD-9657-832BDD448E4E}.Release|x64.Build.0 = Release|x64
		{C5F9830F-A2E2-4152-89AF-E42415CACF8A}.Debug|Any CPU.ActiveCfg = Debug|Any CPU
		{C5F9830F-A2E2-4152-89AF-E42415CACF8A}.Debug|Any CPU.Build.0 = Debug|Any CPU
		{C5F9830F-A2E2-4152-89AF-E42415CACF8A}.Debug|x64.ActiveCfg = Debug|Any CPU
		{C5F9830F-A2E2-4152-89AF-E42415CACF8A}.Debug|x64.Build.0 = Debug|Any CPU
		{C5F9830F-A2E2-4152-89AF-E42415CACF8A}.Release|Any CPU.ActiveCfg = Release|Any CPU
		{C5F9830F-A2E2-4152-89AF-E42415CACF8A}.Release|Any CPU.Build.0 = Release|Any CPU
		{C5F9830F-A2E2-4152-89AF-E42415CACF8A}.Release|x64.ActiveCfg = Release|x64
		{C5F9830F-A2E2-4152-89AF-E42415CACF8A}.Release|x64.Build.0 = Release|x64
		{9B1AA5A2-055C-49D0-9C92-2F97513A7158}.Debug|Any CPU.ActiveCfg = Debug|x64
		{9B1AA5A2-055C-49D0-9C92-2F97513A7158}.Debug|x64.ActiveCfg = Debug|Any CPU
		{9B1AA5A2-055C-49D0-9C92-2F97513A7158}.Debug|x64.Build.0 = Debug|Any CPU
		{9B1AA5A2-055C-49D0-9C92-2F97513A7158}.Release|Any CPU.ActiveCfg = Release|x64
		{9B1AA5A2-055C-49D0-9C92-2F97513A7158}.Release|x64.ActiveCfg = Release|x64
		{9B1AA5A2-055C-49D0-9C92-2F97513A7158}.Release|x64.Build.0 = Release|x64
		{995AD4F8-64A8-4F5D-BA8F-A58D76C83092}.Debug|Any CPU.ActiveCfg = Debug|Any CPU
		{995AD4F8-64A8-4F5D-BA8F-A58D76C83092}.Debug|Any CPU.Build.0 = Debug|Any CPU
		{995AD4F8-64A8-4F5D-BA8F-A58D76C83092}.Debug|x64.ActiveCfg = Debug|Any CPU
		{995AD4F8-64A8-4F5D-BA8F-A58D76C83092}.Debug|x64.Build.0 = Debug|Any CPU
		{995AD4F8-64A8-4F5D-BA8F-A58D76C83092}.Release|Any CPU.ActiveCfg = Release|Any CPU
		{995AD4F8-64A8-4F5D-BA8F-A58D76C83092}.Release|Any CPU.Build.0 = Release|Any CPU
		{995AD4F8-64A8-4F5D-BA8F-A58D76C83092}.Release|x64.ActiveCfg = Release|x64
		{995AD4F8-64A8-4F5D-BA8F-A58D76C83092}.Release|x64.Build.0 = Release|x64
		{7933CB20-FFC6-4E80-A6E4-D7C4102FE8B0}.Debug|Any CPU.ActiveCfg = Debug|x64
		{7933CB20-FFC6-4E80-A6E4-D7C4102FE8B0}.Debug|x64.ActiveCfg = Debug|Any CPU
		{7933CB20-FFC6-4E80-A6E4-D7C4102FE8B0}.Debug|x64.Build.0 = Debug|Any CPU
		{7933CB20-FFC6-4E80-A6E4-D7C4102FE8B0}.Release|Any CPU.ActiveCfg = Release|x64
		{7933CB20-FFC6-4E80-A6E4-D7C4102FE8B0}.Release|x64.ActiveCfg = Release|x64
		{7933CB20-FFC6-4E80-A6E4-D7C4102FE8B0}.Release|x64.Build.0 = Release|x64
		{0C518DDA-28FE-44CA-9AB0-F9773974F13A}.Debug|Any CPU.ActiveCfg = Debug|Any CPU
		{0C518DDA-28FE-44CA-9AB0-F9773974F13A}.Debug|Any CPU.Build.0 = Debug|Any CPU
		{0C518DDA-28FE-44CA-9AB0-F9773974F13A}.Debug|x64.ActiveCfg = Debug|Any CPU
		{0C518DDA-28FE-44CA-9AB0-F9773974F13A}.Debug|x64.Build.0 = Debug|Any CPU
		{0C518DDA-28FE-44CA-9AB0-F9773974F13A}.Release|Any CPU.ActiveCfg = Release|Any CPU
		{0C518DDA-28FE-44CA-9AB0-F9773974F13A}.Release|Any CPU.Build.0 = Release|Any CPU
		{0C518DDA-28FE-44CA-9AB0-F9773974F13A}.Release|x64.ActiveCfg = Release|x64
		{0C518DDA-28FE-44CA-9AB0-F9773974F13A}.Release|x64.Build.0 = Release|x64
		{EDD4E175-E76B-4590-AF2F-52BACA7DD071}.Debug|Any CPU.ActiveCfg = Debug|Any CPU
		{EDD4E175-E76B-4590-AF2F-52BACA7DD071}.Debug|Any CPU.Build.0 = Debug|Any CPU
		{EDD4E175-E76B-4590-AF2F-52BACA7DD071}.Debug|x64.ActiveCfg = Debug|Any CPU
		{EDD4E175-E76B-4590-AF2F-52BACA7DD071}.Debug|x64.Build.0 = Debug|Any CPU
		{EDD4E175-E76B-4590-AF2F-52BACA7DD071}.Release|Any CPU.ActiveCfg = Release|Any CPU
		{EDD4E175-E76B-4590-AF2F-52BACA7DD071}.Release|Any CPU.Build.0 = Release|Any CPU
		{EDD4E175-E76B-4590-AF2F-52BACA7DD071}.Release|x64.ActiveCfg = Release|x64
		{EDD4E175-E76B-4590-AF2F-52BACA7DD071}.Release|x64.Build.0 = Release|x64
		{23668934-FCB7-42A7-A7FA-AE55AED42626}.Debug|Any CPU.ActiveCfg = Debug|Any CPU
		{23668934-FCB7-42A7-A7FA-AE55AED42626}.Debug|Any CPU.Build.0 = Debug|Any CPU
		{23668934-FCB7-42A7-A7FA-AE55AED42626}.Debug|x64.ActiveCfg = Debug|Any CPU
		{23668934-FCB7-42A7-A7FA-AE55AED42626}.Debug|x64.Build.0 = Debug|Any CPU
		{23668934-FCB7-42A7-A7FA-AE55AED42626}.Release|Any CPU.ActiveCfg = Release|Any CPU
		{23668934-FCB7-42A7-A7FA-AE55AED42626}.Release|Any CPU.Build.0 = Release|Any CPU
		{23668934-FCB7-42A7-A7FA-AE55AED42626}.Release|x64.ActiveCfg = Release|x64
		{23668934-FCB7-42A7-A7FA-AE55AED42626}.Release|x64.Build.0 = Release|x64
		{C5B9D744-2FC5-4810-BD85-78FB73FB1E8D}.Debug|Any CPU.ActiveCfg = Debug|Any CPU
		{C5B9D744-2FC5-4810-BD85-78FB73FB1E8D}.Debug|Any CPU.Build.0 = Debug|Any CPU
		{C5B9D744-2FC5-4810-BD85-78FB73FB1E8D}.Debug|x64.ActiveCfg = Debug|Any CPU
		{C5B9D744-2FC5-4810-BD85-78FB73FB1E8D}.Debug|x64.Build.0 = Debug|Any CPU
		{C5B9D744-2FC5-4810-BD85-78FB73FB1E8D}.Release|Any CPU.ActiveCfg = Release|Any CPU
		{C5B9D744-2FC5-4810-BD85-78FB73FB1E8D}.Release|Any CPU.Build.0 = Release|Any CPU
		{C5B9D744-2FC5-4810-BD85-78FB73FB1E8D}.Release|x64.ActiveCfg = Release|x64
		{C5B9D744-2FC5-4810-BD85-78FB73FB1E8D}.Release|x64.Build.0 = Release|x64
		{6C2E415E-37D9-4C5A-8FD5-60B0133872CF}.Debug|Any CPU.ActiveCfg = Debug|Any CPU
		{6C2E415E-37D9-4C5A-8FD5-60B0133872CF}.Debug|Any CPU.Build.0 = Debug|Any CPU
		{6C2E415E-37D9-4C5A-8FD5-60B0133872CF}.Debug|x64.ActiveCfg = Debug|Any CPU
		{6C2E415E-37D9-4C5A-8FD5-60B0133872CF}.Debug|x64.Build.0 = Debug|Any CPU
		{6C2E415E-37D9-4C5A-8FD5-60B0133872CF}.Release|Any CPU.ActiveCfg = Release|Any CPU
		{6C2E415E-37D9-4C5A-8FD5-60B0133872CF}.Release|Any CPU.Build.0 = Release|Any CPU
		{6C2E415E-37D9-4C5A-8FD5-60B0133872CF}.Release|x64.ActiveCfg = Release|x64
		{6C2E415E-37D9-4C5A-8FD5-60B0133872CF}.Release|x64.Build.0 = Release|x64
		{25DE77C9-14A4-4562-9A24-0BF1E612D9A9}.Debug|Any CPU.ActiveCfg = Debug|Any CPU
		{25DE77C9-14A4-4562-9A24-0BF1E612D9A9}.Debug|Any CPU.Build.0 = Debug|Any CPU
		{25DE77C9-14A4-4562-9A24-0BF1E612D9A9}.Debug|x64.ActiveCfg = Debug|Any CPU
		{25DE77C9-14A4-4562-9A24-0BF1E612D9A9}.Debug|x64.Build.0 = Debug|Any CPU
		{25DE77C9-14A4-4562-9A24-0BF1E612D9A9}.Release|Any CPU.ActiveCfg = Release|Any CPU
		{25DE77C9-14A4-4562-9A24-0BF1E612D9A9}.Release|Any CPU.Build.0 = Release|Any CPU
		{25DE77C9-14A4-4562-9A24-0BF1E612D9A9}.Release|x64.ActiveCfg = Release|x64
		{25DE77C9-14A4-4562-9A24-0BF1E612D9A9}.Release|x64.Build.0 = Release|x64
		{30C52233-26A8-406A-85C6-7D3FC8A5BB34}.Debug|Any CPU.ActiveCfg = Debug|Any CPU
		{30C52233-26A8-406A-85C6-7D3FC8A5BB34}.Debug|Any CPU.Build.0 = Debug|Any CPU
		{30C52233-26A8-406A-85C6-7D3FC8A5BB34}.Debug|x64.ActiveCfg = Debug|Any CPU
		{30C52233-26A8-406A-85C6-7D3FC8A5BB34}.Debug|x64.Build.0 = Debug|Any CPU
		{30C52233-26A8-406A-85C6-7D3FC8A5BB34}.Release|Any CPU.ActiveCfg = Release|Any CPU
		{30C52233-26A8-406A-85C6-7D3FC8A5BB34}.Release|Any CPU.Build.0 = Release|Any CPU
		{30C52233-26A8-406A-85C6-7D3FC8A5BB34}.Release|x64.ActiveCfg = Release|x64
		{30C52233-26A8-406A-85C6-7D3FC8A5BB34}.Release|x64.Build.0 = Release|x64
		{C608015C-F5B9-4284-9BD1-880951DB32CD}.Debug|Any CPU.ActiveCfg = Debug|Any CPU
		{C608015C-F5B9-4284-9BD1-880951DB32CD}.Debug|Any CPU.Build.0 = Debug|Any CPU
		{C608015C-F5B9-4284-9BD1-880951DB32CD}.Debug|x64.ActiveCfg = Debug|Any CPU
		{C608015C-F5B9-4284-9BD1-880951DB32CD}.Debug|x64.Build.0 = Debug|Any CPU
		{C608015C-F5B9-4284-9BD1-880951DB32CD}.Release|Any CPU.ActiveCfg = Release|Any CPU
		{C608015C-F5B9-4284-9BD1-880951DB32CD}.Release|Any CPU.Build.0 = Release|Any CPU
		{C608015C-F5B9-4284-9BD1-880951DB32CD}.Release|x64.ActiveCfg = Release|x64
		{C608015C-F5B9-4284-9BD1-880951DB32CD}.Release|x64.Build.0 = Release|x64
		{44555887-C439-470C-944D-8866EC3D7067}.Debug|Any CPU.ActiveCfg = Debug|Any CPU
		{44555887-C439-470C-944D-8866EC3D7067}.Debug|Any CPU.Build.0 = Debug|Any CPU
		{44555887-C439-470C-944D-8866EC3D7067}.Debug|x64.ActiveCfg = Debug|x64
		{44555887-C439-470C-944D-8866EC3D7067}.Release|Any CPU.ActiveCfg = Release|Any CPU
		{44555887-C439-470C-944D-8866EC3D7067}.Release|Any CPU.Build.0 = Release|Any CPU
		{44555887-C439-470C-944D-8866EC3D7067}.Release|x64.ActiveCfg = Release|x64
		{382E7CE1-4136-4B7F-9FB6-EF9D3F00DD28}.Debug|Any CPU.ActiveCfg = Debug|Any CPU
		{382E7CE1-4136-4B7F-9FB6-EF9D3F00DD28}.Debug|Any CPU.Build.0 = Debug|Any CPU
		{382E7CE1-4136-4B7F-9FB6-EF9D3F00DD28}.Debug|x64.ActiveCfg = Debug|Any CPU
		{382E7CE1-4136-4B7F-9FB6-EF9D3F00DD28}.Debug|x64.Build.0 = Debug|Any CPU
		{382E7CE1-4136-4B7F-9FB6-EF9D3F00DD28}.Release|Any CPU.ActiveCfg = Release|Any CPU
		{382E7CE1-4136-4B7F-9FB6-EF9D3F00DD28}.Release|Any CPU.Build.0 = Release|Any CPU
		{382E7CE1-4136-4B7F-9FB6-EF9D3F00DD28}.Release|x64.ActiveCfg = Release|x64
		{382E7CE1-4136-4B7F-9FB6-EF9D3F00DD28}.Release|x64.Build.0 = Release|x64
		{3016949A-067B-467B-9440-16B514CD2338}.Debug|Any CPU.ActiveCfg = Debug|Any CPU
		{3016949A-067B-467B-9440-16B514CD2338}.Debug|Any CPU.Build.0 = Debug|Any CPU
		{3016949A-067B-467B-9440-16B514CD2338}.Debug|x64.ActiveCfg = Debug|Any CPU
		{3016949A-067B-467B-9440-16B514CD2338}.Debug|x64.Build.0 = Debug|Any CPU
		{3016949A-067B-467B-9440-16B514CD2338}.Release|Any CPU.ActiveCfg = Release|Any CPU
		{3016949A-067B-467B-9440-16B514CD2338}.Release|Any CPU.Build.0 = Release|Any CPU
		{3016949A-067B-467B-9440-16B514CD2338}.Release|x64.ActiveCfg = Release|x64
		{3016949A-067B-467B-9440-16B514CD2338}.Release|x64.Build.0 = Release|x64
		{E3646578-6E11-45BF-822E-3C517B2FD558}.Debug|Any CPU.ActiveCfg = Debug|Any CPU
		{E3646578-6E11-45BF-822E-3C517B2FD558}.Debug|Any CPU.Build.0 = Debug|Any CPU
		{E3646578-6E11-45BF-822E-3C517B2FD558}.Debug|x64.ActiveCfg = Debug|Any CPU
		{E3646578-6E11-45BF-822E-3C517B2FD558}.Debug|x64.Build.0 = Debug|Any CPU
		{E3646578-6E11-45BF-822E-3C517B2FD558}.Release|Any CPU.ActiveCfg = Release|Any CPU
		{E3646578-6E11-45BF-822E-3C517B2FD558}.Release|Any CPU.Build.0 = Release|Any CPU
		{E3646578-6E11-45BF-822E-3C517B2FD558}.Release|x64.ActiveCfg = Release|x64
		{E3646578-6E11-45BF-822E-3C517B2FD558}.Release|x64.Build.0 = Release|x64
		{3D30A598-E1AA-464D-B7B4-B3460CDBA2FF}.Debug|Any CPU.ActiveCfg = Debug|Any CPU
		{3D30A598-E1AA-464D-B7B4-B3460CDBA2FF}.Debug|Any CPU.Build.0 = Debug|Any CPU
		{3D30A598-E1AA-464D-B7B4-B3460CDBA2FF}.Debug|x64.ActiveCfg = Debug|Any CPU
		{3D30A598-E1AA-464D-B7B4-B3460CDBA2FF}.Debug|x64.Build.0 = Debug|Any CPU
		{3D30A598-E1AA-464D-B7B4-B3460CDBA2FF}.Release|Any CPU.ActiveCfg = Release|Any CPU
		{3D30A598-E1AA-464D-B7B4-B3460CDBA2FF}.Release|Any CPU.Build.0 = Release|Any CPU
		{3D30A598-E1AA-464D-B7B4-B3460CDBA2FF}.Release|x64.ActiveCfg = Release|Any CPU
		{3D30A598-E1AA-464D-B7B4-B3460CDBA2FF}.Release|x64.Build.0 = Release|Any CPU
		{83E59DCA-ECAB-4F07-B89B-D86D09B137C8}.Debug|Any CPU.ActiveCfg = Debug|Any CPU
		{83E59DCA-ECAB-4F07-B89B-D86D09B137C8}.Debug|Any CPU.Build.0 = Debug|Any CPU
		{83E59DCA-ECAB-4F07-B89B-D86D09B137C8}.Debug|x64.ActiveCfg = Debug|Any CPU
		{83E59DCA-ECAB-4F07-B89B-D86D09B137C8}.Debug|x64.Build.0 = Debug|Any CPU
		{83E59DCA-ECAB-4F07-B89B-D86D09B137C8}.Release|Any CPU.ActiveCfg = Release|Any CPU
		{83E59DCA-ECAB-4F07-B89B-D86D09B137C8}.Release|Any CPU.Build.0 = Release|Any CPU
		{83E59DCA-ECAB-4F07-B89B-D86D09B137C8}.Release|x64.ActiveCfg = Release|Any CPU
		{83E59DCA-ECAB-4F07-B89B-D86D09B137C8}.Release|x64.Build.0 = Release|Any CPU
		{C8E38CBD-DC42-41B4-94F9-69578FCF230B}.Debug|Any CPU.ActiveCfg = Debug|Any CPU
		{C8E38CBD-DC42-41B4-94F9-69578FCF230B}.Debug|Any CPU.Build.0 = Debug|Any CPU
		{C8E38CBD-DC42-41B4-94F9-69578FCF230B}.Debug|x64.ActiveCfg = Debug|Any CPU
		{C8E38CBD-DC42-41B4-94F9-69578FCF230B}.Debug|x64.Build.0 = Debug|Any CPU
		{C8E38CBD-DC42-41B4-94F9-69578FCF230B}.Release|Any CPU.ActiveCfg = Release|Any CPU
		{C8E38CBD-DC42-41B4-94F9-69578FCF230B}.Release|Any CPU.Build.0 = Release|Any CPU
		{C8E38CBD-DC42-41B4-94F9-69578FCF230B}.Release|x64.ActiveCfg = Release|Any CPU
		{C8E38CBD-DC42-41B4-94F9-69578FCF230B}.Release|x64.Build.0 = Release|Any CPU
	EndGlobalSection
	GlobalSection(SolutionProperties) = preSolution
		HideSolutionNode = FALSE
	EndGlobalSection
	GlobalSection(NestedProjects) = preSolution
		{AE8FF690-65C8-44E5-BE57-D8882608CA7B} = {FDA85517-CA31-4346-A337-0C4332579F64}
		{A7068D92-8CD1-4DBB-89F1-DE6DE96B3B1C} = {109856EE-1E84-4C8C-88C2-E558FD825EC1}
		{7EECB833-FC05-4FC2-ACCA-5167B1C7B2E6} = {8C1F4D4A-6735-4B0D-95ED-C63D9C56CED6}
		{27B52691-6632-4050-987F-84BE606354AF} = {FDA85517-CA31-4346-A337-0C4332579F64}
		{4059FA7E-97C4-4410-A9A2-6057118BA091} = {FDA85517-CA31-4346-A337-0C4332579F64}
		{CB51D897-81FE-4EDD-BF36-EA37C8D83D87} = {E6F09583-DF93-4ABE-BE5B-DDCE57EE6AB2}
		{5621A559-C2D0-460F-8899-995164E101E4} = {8C1F4D4A-6735-4B0D-95ED-C63D9C56CED6}
		{3A2CF20F-DBF5-40F9-9AFD-684FFD032AD0} = {109856EE-1E84-4C8C-88C2-E558FD825EC1}
		{B5FCA39C-8754-4EBA-A537-905D03E6B872} = {7D88141C-8041-4C72-9E54-EC2153726CB4}
		{E188910E-7794-43D6-AB7A-AFB7E5E7D105} = {B7B21821-1D2C-4466-ABEE-C4987A63848F}
		{006466B3-6848-42AD-9657-832BDD448E4E} = {B7B21821-1D2C-4466-ABEE-C4987A63848F}
		{C5F9830F-A2E2-4152-89AF-E42415CACF8A} = {E6F09583-DF93-4ABE-BE5B-DDCE57EE6AB2}
		{9B1AA5A2-055C-49D0-9C92-2F97513A7158} = {FDA85517-CA31-4346-A337-0C4332579F64}
		{995AD4F8-64A8-4F5D-BA8F-A58D76C83092} = {E6F09583-DF93-4ABE-BE5B-DDCE57EE6AB2}
		{7933CB20-FFC6-4E80-A6E4-D7C4102FE8B0} = {9B462E18-F8D6-4C93-985B-8FAFC3A7C1E9}
		{0C518DDA-28FE-44CA-9AB0-F9773974F13A} = {7D88141C-8041-4C72-9E54-EC2153726CB4}
		{EDD4E175-E76B-4590-AF2F-52BACA7DD071} = {7D88141C-8041-4C72-9E54-EC2153726CB4}
		{23668934-FCB7-42A7-A7FA-AE55AED42626} = {7D88141C-8041-4C72-9E54-EC2153726CB4}
		{C5B9D744-2FC5-4810-BD85-78FB73FB1E8D} = {7D88141C-8041-4C72-9E54-EC2153726CB4}
		{6C2E415E-37D9-4C5A-8FD5-60B0133872CF} = {7D88141C-8041-4C72-9E54-EC2153726CB4}
		{25DE77C9-14A4-4562-9A24-0BF1E612D9A9} = {7D88141C-8041-4C72-9E54-EC2153726CB4}
		{30C52233-26A8-406A-85C6-7D3FC8A5BB34} = {9B462E18-F8D6-4C93-985B-8FAFC3A7C1E9}
		{C608015C-F5B9-4284-9BD1-880951DB32CD} = {9B462E18-F8D6-4C93-985B-8FAFC3A7C1E9}
		{44555887-C439-470C-944D-8866EC3D7067} = {706A9542-BE69-41F7-8E22-5B73BE644BB4}
		{382E7CE1-4136-4B7F-9FB6-EF9D3F00DD28} = {FDA85517-CA31-4346-A337-0C4332579F64}
		{3016949A-067B-467B-9440-16B514CD2338} = {9B462E18-F8D6-4C93-985B-8FAFC3A7C1E9}
		{E3646578-6E11-45BF-822E-3C517B2FD558} = {9B462E18-F8D6-4C93-985B-8FAFC3A7C1E9}
		{3D30A598-E1AA-464D-B7B4-B3460CDBA2FF} = {3EED8C86-8424-473B-A0A2-1F0ADDCFC1DE}
		{83E59DCA-ECAB-4F07-B89B-D86D09B137C8} = {FDA85517-CA31-4346-A337-0C4332579F64}
		{C8E38CBD-DC42-41B4-94F9-69578FCF230B} = {3EED8C86-8424-473B-A0A2-1F0ADDCFC1DE}
	EndGlobalSection
	GlobalSection(ExtensibilityGlobals) = postSolution
		SolutionGuid = {855CE2B0-9726-433B-BB52-FC6423F11AE2}
	EndGlobalSection
EndGlobal
